
Microsoft Visual Studio Solution File, Format Version 12.00
# Visual Studio Version 16
VisualStudioVersion = 16.0.30320.27
MinimumVisualStudioVersion = 10.0.40219.1
Project("{8BC9CEB8-8B4A-11D0-8D11-00A0C91BC942}") = "Day1", "Day1\Day1.vcxproj", "{AC183E8F-95D3-4868-B1A5-42B053F8E9C2}"
EndProject
Project("{8BC9CEB8-8B4A-11D0-8D11-00A0C91BC942}") = "Day2", "Day2\Day2.vcxproj", "{A8C9C9C5-7BD8-4C34-BAC9-D214CB3279AD}"
EndProject
Project("{8BC9CEB8-8B4A-11D0-8D11-00A0C91BC942}") = "Day3", "Day3\Day3.vcxproj", "{3A145E84-7E87-4A15-A64F-8E55240CE0E8}"
EndProject
Project("{8BC9CEB8-8B4A-11D0-8D11-00A0C91BC942}") = "Day4", "Day4\Day4.vcxproj", "{81A915C1-77F6-4966-884C-1EA435C2EB7B}"
EndProject
Project("{8BC9CEB8-8B4A-11D0-8D11-00A0C91BC942}") = "Day5", "Day5\Day5.vcxproj", "{1473E9F1-C2D1-4A94-82D9-358FBFFE8B6E}"
EndProject
Project("{8BC9CEB8-8B4A-11D0-8D11-00A0C91BC942}") = "Day6", "Day6\Day6.vcxproj", "{1D0C2684-8A84-40C7-919A-754A7AE1A592}"
EndProject
Project("{8BC9CEB8-8B4A-11D0-8D11-00A0C91BC942}") = "Day7", "Day7\Day7.vcxproj", "{F7FE4E60-EA47-41AE-B5D1-8822A3C32910}"
EndProject
Project("{8BC9CEB8-8B4A-11D0-8D11-00A0C91BC942}") = "Day8", "Day8\Day8.vcxproj", "{923CB36C-47FE-4D02-B0CA-2C4283F819FA}"
EndProject
Project("{8BC9CEB8-8B4A-11D0-8D11-00A0C91BC942}") = "Day9", "Day9\Day9.vcxproj", "{230BCBFD-453A-4EA2-BA03-83BFB360DE44}"
EndProject
Project("{8BC9CEB8-8B4A-11D0-8D11-00A0C91BC942}") = "Day10", "Day10\Day10.vcxproj", "{A033743F-EEDD-43FA-8A9A-7902FFA8594E}"
EndProject
Project("{8BC9CEB8-8B4A-11D0-8D11-00A0C91BC942}") = "Day11", "Day11\Day11.vcxproj", "{FA988D9C-B100-4414-8370-F5AC4123E4D5}"
EndProject
Project("{8BC9CEB8-8B4A-11D0-8D11-00A0C91BC942}") = "Day12", "Day12\Day12.vcxproj", "{3B73BEDE-7EF2-4CD4-ADF6-66E2ACDBC864}"
EndProject
Project("{8BC9CEB8-8B4A-11D0-8D11-00A0C91BC942}") = "Day13", "Day13\Day13.vcxproj", "{3E78178C-7765-4A8B-BD50-0927F2B42B7C}"
EndProject
Project("{8BC9CEB8-8B4A-11D0-8D11-00A0C91BC942}") = "Day14", "Day14\Day14.vcxproj", "{5ECD2A1C-FF38-4345-A7F0-F0B477AE0235}"
EndProject
Project("{8BC9CEB8-8B4A-11D0-8D11-00A0C91BC942}") = "Day15", "Day15\Day15.vcxproj", "{65A2E078-2B61-49BC-927B-4ED27EC021F8}"
EndProject
Project("{8BC9CEB8-8B4A-11D0-8D11-00A0C91BC942}") = "Day16", "Day16\Day16.vcxproj", "{C02788F9-65C8-416C-842A-9839F7DC9754}"
EndProject
Project("{8BC9CEB8-8B4A-11D0-8D11-00A0C91BC942}") = "Day17", "Day17\Day17.vcxproj", "{AAB4BFFB-FF2D-4CA2-B978-0293DCC744C5}"
EndProject
Project("{8BC9CEB8-8B4A-11D0-8D11-00A0C91BC942}") = "Day18", "Day18\Day18.vcxproj", "{72DF0FE0-A690-4A76-8D20-244DACE519A1}"
EndProject
Project("{8BC9CEB8-8B4A-11D0-8D11-00A0C91BC942}") = "Day19", "Day19\Day19.vcxproj", "{4590FC00-23B2-4B6A-A97F-E156748ABD8A}"
EndProject
Global
	GlobalSection(SolutionConfigurationPlatforms) = preSolution
		Debug|x64 = Debug|x64
		Debug|x86 = Debug|x86
		Release|x64 = Release|x64
		Release|x86 = Release|x86
	EndGlobalSection
	GlobalSection(ProjectConfigurationPlatforms) = postSolution
		{AC183E8F-95D3-4868-B1A5-42B053F8E9C2}.Debug|x64.ActiveCfg = Debug|x64
		{AC183E8F-95D3-4868-B1A5-42B053F8E9C2}.Debug|x64.Build.0 = Debug|x64
		{AC183E8F-95D3-4868-B1A5-42B053F8E9C2}.Debug|x86.ActiveCfg = Debug|Win32
		{AC183E8F-95D3-4868-B1A5-42B053F8E9C2}.Debug|x86.Build.0 = Debug|Win32
		{AC183E8F-95D3-4868-B1A5-42B053F8E9C2}.Release|x64.ActiveCfg = Release|x64
		{AC183E8F-95D3-4868-B1A5-42B053F8E9C2}.Release|x64.Build.0 = Release|x64
		{AC183E8F-95D3-4868-B1A5-42B053F8E9C2}.Release|x86.ActiveCfg = Release|Win32
		{AC183E8F-95D3-4868-B1A5-42B053F8E9C2}.Release|x86.Build.0 = Release|Win32
		{A8C9C9C5-7BD8-4C34-BAC9-D214CB3279AD}.Debug|x64.ActiveCfg = Debug|x64
		{A8C9C9C5-7BD8-4C34-BAC9-D214CB3279AD}.Debug|x64.Build.0 = Debug|x64
		{A8C9C9C5-7BD8-4C34-BAC9-D214CB3279AD}.Debug|x86.ActiveCfg = Debug|Win32
		{A8C9C9C5-7BD8-4C34-BAC9-D214CB3279AD}.Debug|x86.Build.0 = Debug|Win32
		{A8C9C9C5-7BD8-4C34-BAC9-D214CB3279AD}.Release|x64.ActiveCfg = Release|x64
		{A8C9C9C5-7BD8-4C34-BAC9-D214CB3279AD}.Release|x64.Build.0 = Release|x64
		{A8C9C9C5-7BD8-4C34-BAC9-D214CB3279AD}.Release|x86.ActiveCfg = Release|Win32
		{A8C9C9C5-7BD8-4C34-BAC9-D214CB3279AD}.Release|x86.Build.0 = Release|Win32
		{3A145E84-7E87-4A15-A64F-8E55240CE0E8}.Debug|x64.ActiveCfg = Debug|x64
		{3A145E84-7E87-4A15-A64F-8E55240CE0E8}.Debug|x64.Build.0 = Debug|x64
		{3A145E84-7E87-4A15-A64F-8E55240CE0E8}.Debug|x86.ActiveCfg = Debug|Win32
		{3A145E84-7E87-4A15-A64F-8E55240CE0E8}.Debug|x86.Build.0 = Debug|Win32
		{3A145E84-7E87-4A15-A64F-8E55240CE0E8}.Release|x64.ActiveCfg = Release|x64
		{3A145E84-7E87-4A15-A64F-8E55240CE0E8}.Release|x64.Build.0 = Release|x64
		{3A145E84-7E87-4A15-A64F-8E55240CE0E8}.Release|x86.ActiveCfg = Release|Win32
		{3A145E84-7E87-4A15-A64F-8E55240CE0E8}.Release|x86.Build.0 = Release|Win32
		{81A915C1-77F6-4966-884C-1EA435C2EB7B}.Debug|x64.ActiveCfg = Debug|x64
		{81A915C1-77F6-4966-884C-1EA435C2EB7B}.Debug|x64.Build.0 = Debug|x64
		{81A915C1-77F6-4966-884C-1EA435C2EB7B}.Debug|x86.ActiveCfg = Debug|Win32
		{81A915C1-77F6-4966-884C-1EA435C2EB7B}.Debug|x86.Build.0 = Debug|Win32
		{81A915C1-77F6-4966-884C-1EA435C2EB7B}.Release|x64.ActiveCfg = Release|x64
		{81A915C1-77F6-4966-884C-1EA435C2EB7B}.Release|x64.Build.0 = Release|x64
		{81A915C1-77F6-4966-884C-1EA435C2EB7B}.Release|x86.ActiveCfg = Release|Win32
		{81A915C1-77F6-4966-884C-1EA435C2EB7B}.Release|x86.Build.0 = Release|Win32
		{1473E9F1-C2D1-4A94-82D9-358FBFFE8B6E}.Debug|x64.ActiveCfg = Debug|x64
		{1473E9F1-C2D1-4A94-82D9-358FBFFE8B6E}.Debug|x64.Build.0 = Debug|x64
		{1473E9F1-C2D1-4A94-82D9-358FBFFE8B6E}.Debug|x86.ActiveCfg = Debug|Win32
		{1473E9F1-C2D1-4A94-82D9-358FBFFE8B6E}.Debug|x86.Build.0 = Debug|Win32
		{1473E9F1-C2D1-4A94-82D9-358FBFFE8B6E}.Release|x64.ActiveCfg = Release|x64
		{1473E9F1-C2D1-4A94-82D9-358FBFFE8B6E}.Release|x64.Build.0 = Release|x64
		{1473E9F1-C2D1-4A94-82D9-358FBFFE8B6E}.Release|x86.ActiveCfg = Release|Win32
		{1473E9F1-C2D1-4A94-82D9-358FBFFE8B6E}.Release|x86.Build.0 = Release|Win32
		{1D0C2684-8A84-40C7-919A-754A7AE1A592}.Debug|x64.ActiveCfg = Debug|x64
		{1D0C2684-8A84-40C7-919A-754A7AE1A592}.Debug|x64.Build.0 = Debug|x64
		{1D0C2684-8A84-40C7-919A-754A7AE1A592}.Debug|x86.ActiveCfg = Debug|Win32
		{1D0C2684-8A84-40C7-919A-754A7AE1A592}.Debug|x86.Build.0 = Debug|Win32
		{1D0C2684-8A84-40C7-919A-754A7AE1A592}.Release|x64.ActiveCfg = Release|x64
		{1D0C2684-8A84-40C7-919A-754A7AE1A592}.Release|x64.Build.0 = Release|x64
		{1D0C2684-8A84-40C7-919A-754A7AE1A592}.Release|x86.ActiveCfg = Release|Win32
		{1D0C2684-8A84-40C7-919A-754A7AE1A592}.Release|x86.Build.0 = Release|Win32
		{F7FE4E60-EA47-41AE-B5D1-8822A3C32910}.Debug|x64.ActiveCfg = Debug|x64
		{F7FE4E60-EA47-41AE-B5D1-8822A3C32910}.Debug|x64.Build.0 = Debug|x64
		{F7FE4E60-EA47-41AE-B5D1-8822A3C32910}.Debug|x86.ActiveCfg = Debug|Win32
		{F7FE4E60-EA47-41AE-B5D1-8822A3C32910}.Debug|x86.Build.0 = Debug|Win32
		{F7FE4E60-EA47-41AE-B5D1-8822A3C32910}.Release|x64.ActiveCfg = Release|x64
		{F7FE4E60-EA47-41AE-B5D1-8822A3C32910}.Release|x64.Build.0 = Release|x64
		{F7FE4E60-EA47-41AE-B5D1-8822A3C32910}.Release|x86.ActiveCfg = Release|Win32
		{F7FE4E60-EA47-41AE-B5D1-8822A3C32910}.Release|x86.Build.0 = Release|Win32
		{923CB36C-47FE-4D02-B0CA-2C4283F819FA}.Debug|x64.ActiveCfg = Debug|x64
		{923CB36C-47FE-4D02-B0CA-2C4283F819FA}.Debug|x64.Build.0 = Debug|x64
		{923CB36C-47FE-4D02-B0CA-2C4283F819FA}.Debug|x86.ActiveCfg = Debug|Win32
		{923CB36C-47FE-4D02-B0CA-2C4283F819FA}.Debug|x86.Build.0 = Debug|Win32
		{923CB36C-47FE-4D02-B0CA-2C4283F819FA}.Release|x64.ActiveCfg = Release|x64
		{923CB36C-47FE-4D02-B0CA-2C4283F819FA}.Release|x64.Build.0 = Release|x64
		{923CB36C-47FE-4D02-B0CA-2C4283F819FA}.Release|x86.ActiveCfg = Release|Win32
		{923CB36C-47FE-4D02-B0CA-2C4283F819FA}.Release|x86.Build.0 = Release|Win32
		{230BCBFD-453A-4EA2-BA03-83BFB360DE44}.Debug|x64.ActiveCfg = Debug|x64
		{230BCBFD-453A-4EA2-BA03-83BFB360DE44}.Debug|x64.Build.0 = Debug|x64
		{230BCBFD-453A-4EA2-BA03-83BFB360DE44}.Debug|x86.ActiveCfg = Debug|Win32
		{230BCBFD-453A-4EA2-BA03-83BFB360DE44}.Debug|x86.Build.0 = Debug|Win32
		{230BCBFD-453A-4EA2-BA03-83BFB360DE44}.Release|x64.ActiveCfg = Release|x64
		{230BCBFD-453A-4EA2-BA03-83BFB360DE44}.Release|x64.Build.0 = Release|x64
		{230BCBFD-453A-4EA2-BA03-83BFB360DE44}.Release|x86.ActiveCfg = Release|Win32
		{230BCBFD-453A-4EA2-BA03-83BFB360DE44}.Release|x86.Build.0 = Release|Win32
		{A033743F-EEDD-43FA-8A9A-7902FFA8594E}.Debug|x64.ActiveCfg = Debug|x64
		{A033743F-EEDD-43FA-8A9A-7902FFA8594E}.Debug|x64.Build.0 = Debug|x64
		{A033743F-EEDD-43FA-8A9A-7902FFA8594E}.Debug|x86.ActiveCfg = Debug|Win32
		{A033743F-EEDD-43FA-8A9A-7902FFA8594E}.Debug|x86.Build.0 = Debug|Win32
		{A033743F-EEDD-43FA-8A9A-7902FFA8594E}.Release|x64.ActiveCfg = Release|x64
		{A033743F-EEDD-43FA-8A9A-7902FFA8594E}.Release|x64.Build.0 = Release|x64
		{A033743F-EEDD-43FA-8A9A-7902FFA8594E}.Release|x86.ActiveCfg = Release|Win32
		{A033743F-EEDD-43FA-8A9A-7902FFA8594E}.Release|x86.Build.0 = Release|Win32
		{FA988D9C-B100-4414-8370-F5AC4123E4D5}.Debug|x64.ActiveCfg = Debug|x64
		{FA988D9C-B100-4414-8370-F5AC4123E4D5}.Debug|x64.Build.0 = Debug|x64
		{FA988D9C-B100-4414-8370-F5AC4123E4D5}.Debug|x86.ActiveCfg = Debug|Win32
		{FA988D9C-B100-4414-8370-F5AC4123E4D5}.Debug|x86.Build.0 = Debug|Win32
		{FA988D9C-B100-4414-8370-F5AC4123E4D5}.Release|x64.ActiveCfg = Release|x64
		{FA988D9C-B100-4414-8370-F5AC4123E4D5}.Release|x64.Build.0 = Release|x64
		{FA988D9C-B100-4414-8370-F5AC4123E4D5}.Release|x86.ActiveCfg = Release|Win32
		{FA988D9C-B100-4414-8370-F5AC4123E4D5}.Release|x86.Build.0 = Release|Win32
		{3B73BEDE-7EF2-4CD4-ADF6-66E2ACDBC864}.Debug|x64.ActiveCfg = Debug|x64
		{3B73BEDE-7EF2-4CD4-ADF6-66E2ACDBC864}.Debug|x64.Build.0 = Debug|x64
		{3B73BEDE-7EF2-4CD4-ADF6-66E2ACDBC864}.Debug|x86.ActiveCfg = Debug|Win32
		{3B73BEDE-7EF2-4CD4-ADF6-66E2ACDBC864}.Debug|x86.Build.0 = Debug|Win32
		{3B73BEDE-7EF2-4CD4-ADF6-66E2ACDBC864}.Release|x64.ActiveCfg = Release|x64
		{3B73BEDE-7EF2-4CD4-ADF6-66E2ACDBC864}.Release|x64.Build.0 = Release|x64
		{3B73BEDE-7EF2-4CD4-ADF6-66E2ACDBC864}.Release|x86.ActiveCfg = Release|Win32
		{3B73BEDE-7EF2-4CD4-ADF6-66E2ACDBC864}.Release|x86.Build.0 = Release|Win32
		{3E78178C-7765-4A8B-BD50-0927F2B42B7C}.Debug|x64.ActiveCfg = Debug|x64
		{3E78178C-7765-4A8B-BD50-0927F2B42B7C}.Debug|x64.Build.0 = Debug|x64
		{3E78178C-7765-4A8B-BD50-0927F2B42B7C}.Debug|x86.ActiveCfg = Debug|Win32
		{3E78178C-7765-4A8B-BD50-0927F2B42B7C}.Debug|x86.Build.0 = Debug|Win32
		{3E78178C-7765-4A8B-BD50-0927F2B42B7C}.Release|x64.ActiveCfg = Release|x64
		{3E78178C-7765-4A8B-BD50-0927F2B42B7C}.Release|x64.Build.0 = Release|x64
		{3E78178C-7765-4A8B-BD50-0927F2B42B7C}.Release|x86.ActiveCfg = Release|Win32
		{3E78178C-7765-4A8B-BD50-0927F2B42B7C}.Release|x86.Build.0 = Release|Win32
		{5ECD2A1C-FF38-4345-A7F0-F0B477AE0235}.Debug|x64.ActiveCfg = Debug|x64
		{5ECD2A1C-FF38-4345-A7F0-F0B477AE0235}.Debug|x64.Build.0 = Debug|x64
		{5ECD2A1C-FF38-4345-A7F0-F0B477AE0235}.Debug|x86.ActiveCfg = Debug|Win32
		{5ECD2A1C-FF38-4345-A7F0-F0B477AE0235}.Debug|x86.Build.0 = Debug|Win32
		{5ECD2A1C-FF38-4345-A7F0-F0B477AE0235}.Release|x64.ActiveCfg = Release|x64
		{5ECD2A1C-FF38-4345-A7F0-F0B477AE0235}.Release|x64.Build.0 = Release|x64
		{5ECD2A1C-FF38-4345-A7F0-F0B477AE0235}.Release|x86.ActiveCfg = Release|Win32
		{5ECD2A1C-FF38-4345-A7F0-F0B477AE0235}.Release|x86.Build.0 = Release|Win32
		{65A2E078-2B61-49BC-927B-4ED27EC021F8}.Debug|x64.ActiveCfg = Debug|x64
		{65A2E078-2B61-49BC-927B-4ED27EC021F8}.Debug|x64.Build.0 = Debug|x64
		{65A2E078-2B61-49BC-927B-4ED27EC021F8}.Debug|x86.ActiveCfg = Debug|Win32
		{65A2E078-2B61-49BC-927B-4ED27EC021F8}.Debug|x86.Build.0 = Debug|Win32
		{65A2E078-2B61-49BC-927B-4ED27EC021F8}.Release|x64.ActiveCfg = Release|x64
		{65A2E078-2B61-49BC-927B-4ED27EC021F8}.Release|x64.Build.0 = Release|x64
		{65A2E078-2B61-49BC-927B-4ED27EC021F8}.Release|x86.ActiveCfg = Release|Win32
		{65A2E078-2B61-49BC-927B-4ED27EC021F8}.Release|x86.Build.0 = Release|Win32
		{C02788F9-65C8-416C-842A-9839F7DC9754}.Debug|x64.ActiveCfg = Debug|x64
		{C02788F9-65C8-416C-842A-9839F7DC9754}.Debug|x64.Build.0 = Debug|x64
		{C02788F9-65C8-416C-842A-9839F7DC9754}.Debug|x86.ActiveCfg = Debug|Win32
		{C02788F9-65C8-416C-842A-9839F7DC9754}.Debug|x86.Build.0 = Debug|Win32
		{C02788F9-65C8-416C-842A-9839F7DC9754}.Release|x64.ActiveCfg = Release|x64
		{C02788F9-65C8-416C-842A-9839F7DC9754}.Release|x64.Build.0 = Release|x64
		{C02788F9-65C8-416C-842A-9839F7DC9754}.Release|x86.ActiveCfg = Release|Win32
		{C02788F9-65C8-416C-842A-9839F7DC9754}.Release|x86.Build.0 = Release|Win32
		{AAB4BFFB-FF2D-4CA2-B978-0293DCC744C5}.Debug|x64.ActiveCfg = Debug|x64
		{AAB4BFFB-FF2D-4CA2-B978-0293DCC744C5}.Debug|x64.Build.0 = Debug|x64
		{AAB4BFFB-FF2D-4CA2-B978-0293DCC744C5}.Debug|x86.ActiveCfg = Debug|Win32
		{AAB4BFFB-FF2D-4CA2-B978-0293DCC744C5}.Debug|x86.Build.0 = Debug|Win32
		{AAB4BFFB-FF2D-4CA2-B978-0293DCC744C5}.Release|x64.ActiveCfg = Release|x64
		{AAB4BFFB-FF2D-4CA2-B978-0293DCC744C5}.Release|x64.Build.0 = Release|x64
		{AAB4BFFB-FF2D-4CA2-B978-0293DCC744C5}.Release|x86.ActiveCfg = Release|Win32
		{AAB4BFFB-FF2D-4CA2-B978-0293DCC744C5}.Release|x86.Build.0 = Release|Win32
		{72DF0FE0-A690-4A76-8D20-244DACE519A1}.Debug|x64.ActiveCfg = Debug|x64
		{72DF0FE0-A690-4A76-8D20-244DACE519A1}.Debug|x64.Build.0 = Debug|x64
		{72DF0FE0-A690-4A76-8D20-244DACE519A1}.Debug|x86.ActiveCfg = Debug|Win32
		{72DF0FE0-A690-4A76-8D20-244DACE519A1}.Debug|x86.Build.0 = Debug|Win32
		{72DF0FE0-A690-4A76-8D20-244DACE519A1}.Release|x64.ActiveCfg = Release|x64
		{72DF0FE0-A690-4A76-8D20-244DACE519A1}.Release|x64.Build.0 = Release|x64
		{72DF0FE0-A690-4A76-8D20-244DACE519A1}.Release|x86.ActiveCfg = Release|Win32
		{72DF0FE0-A690-4A76-8D20-244DACE519A1}.Release|x86.Build.0 = Release|Win32
		{4590FC00-23B2-4B6A-A97F-E156748ABD8A}.Debug|x64.ActiveCfg = Debug|x64
		{4590FC00-23B2-4B6A-A97F-E156748ABD8A}.Debug|x64.Build.0 = Debug|x64
		{4590FC00-23B2-4B6A-A97F-E156748ABD8A}.Debug|x86.ActiveCfg = Debug|Win32
		{4590FC00-23B2-4B6A-A97F-E156748ABD8A}.Debug|x86.Build.0 = Debug|Win32
		{4590FC00-23B2-4B6A-A97F-E156748ABD8A}.Release|x64.ActiveCfg = Release|x64
		{4590FC00-23B2-4B6A-A97F-E156748ABD8A}.Release|x64.Build.0 = Release|x64
		{4590FC00-23B2-4B6A-A97F-E156748ABD8A}.Release|x86.ActiveCfg = Release|Win32
		{4590FC00-23B2-4B6A-A97F-E156748ABD8A}.Release|x86.Build.0 = Release|Win32
	EndGlobalSection
	GlobalSection(SolutionProperties) = preSolution
		HideSolutionNode = FALSE
	EndGlobalSection
	GlobalSection(ExtensibilityGlobals) = postSolution
		SolutionGuid = {4FA0E541-C12E-4C1F-AAC7-1B52D42E71D8}
	EndGlobalSection
EndGlobal
